<?xml version="1.0" encoding="UTF-8"?>
<Scheme
   LastUpgradeVersion = "1160"
   version = "1.3">
   <BuildAction
      parallelizeBuildables = "YES"
      buildImplicitDependencies = "YES">
      <BuildActionEntries>
         <BuildActionEntry
            buildForTesting = "YES"
            buildForRunning = "YES"
            buildForProfiling = "YES"
            buildForArchiving = "YES"
            buildForAnalyzing = "YES">
            <BuildableReference
               BuildableIdentifier = "primary"
               BlueprintIdentifier = "6AC55BF124F05BEB003F6056"
               BuildableName = "BoxOfficeNetworking.framework"
               BlueprintName = "BoxOfficeNetworking"
               ReferencedContainer = "container:BoxOfficeNetworking/BoxOfficeNetworking.xcodeproj">
            </BuildableReference>
         </BuildActionEntry>
         <BuildActionEntry
            buildForTesting = "YES"
            buildForRunning = "YES"
            buildForProfiling = "YES"
            buildForArchiving = "YES"
            buildForAnalyzing = "YES">
            <BuildableReference
               BuildableIdentifier = "primary"
               BlueprintIdentifier = "6A5075A424F028F800B25D4F"
               BuildableName = "BoxOfficeNowPlaying.framework"
               BlueprintName = "BoxOfficeNowPlaying"
               ReferencedContainer = "container:BoxOfficeNowPlaying/BoxOfficeNowPlaying.xcodeproj">
            </BuildableReference>
         </BuildActionEntry>
         <BuildActionEntry
            buildForTesting = "YES"
            buildForRunning = "YES"
            buildForProfiling = "YES"
            buildForArchiving = "YES"
            buildForAnalyzing = "YES">
            <BuildableReference
               BuildableIdentifier = "primary"
               BlueprintIdentifier = "6A4983A124F18B6400111B62"
               BuildableName = "BoxOfficeMedia.framework"
               BlueprintName = "BoxOfficeMedia"
               ReferencedContainer = "container:BoxOfficeMedia/BoxOfficeMedia.xcodeproj">
            </BuildableReference>
         </BuildActionEntry>
         <BuildActionEntry
            buildForTesting = "YES"
            buildForRunning = "NO"
            buildForProfiling = "NO"
            buildForArchiving = "NO"
            buildForAnalyzing = "NO">
            <BuildableReference
               BuildableIdentifier = "primary"
               BlueprintIdentifier = "6A4983AA24F18B6400111B62"
               BuildableName = "BoxOfficeMediaTests.xctest"
               BlueprintName = "BoxOfficeMediaTests"
               ReferencedContainer = "container:BoxOfficeMedia/BoxOfficeMedia.xcodeproj">
            </BuildableReference>
         </BuildActionEntry>
         <BuildActionEntry
            buildForTesting = "YES"
            buildForRunning = "YES"
            buildForProfiling = "YES"
            buildForArchiving = "YES"
            buildForAnalyzing = "YES">
            <BuildableReference
               BuildableIdentifier = "primary"
               BlueprintIdentifier = "6AF8CCA924F3D939006FBFCA"
               BuildableName = "BoxOfficeMovieDetails.framework"
               BlueprintName = "BoxOfficeMovieDetails"
               ReferencedContainer = "container:BoxOfficeMovieDetails/BoxOfficeMovieDetails.xcodeproj">
            </BuildableReference>
         </BuildActionEntry>
      </BuildActionEntries>
   </BuildAction>
   <TestAction
      buildConfiguration = "Debug"
      selectedDebuggerIdentifier = "Xcode.DebuggerFoundation.Debugger.LLDB"
      selectedLauncherIdentifier = "Xcode.DebuggerFoundation.Launcher.LLDB"
      shouldUseLaunchSchemeArgsEnv = "YES"
      codeCoverageEnabled = "YES"
      onlyGenerateCoverageForSpecifiedTargets = "YES">
      <CodeCoverageTargets>
         <BuildableReference
            BuildableIdentifier = "primary"
            BlueprintIdentifier = "6A5075A424F028F800B25D4F"
            BuildableName = "BoxOfficeNowPlaying.framework"
            BlueprintName = "BoxOfficeNowPlaying"
            ReferencedContainer = "container:BoxOfficeNowPlaying/BoxOfficeNowPlaying.xcodeproj">
         </BuildableReference>
         <BuildableReference
            BuildableIdentifier = "primary"
            BlueprintIdentifier = "6AC55BF124F05BEB003F6056"
            BuildableName = "BoxOfficeNetworking.framework"
            BlueprintName = "BoxOfficeNetworking"
            ReferencedContainer = "container:BoxOfficeNetworking/BoxOfficeNetworking.xcodeproj">
         </BuildableReference>
         <BuildableReference
            BuildableIdentifier = "primary"
            BlueprintIdentifier = "6A4983A124F18B6400111B62"
            BuildableName = "BoxOfficeMedia.framework"
            BlueprintName = "BoxOfficeMedia"
            ReferencedContainer = "container:BoxOfficeMedia/BoxOfficeMedia.xcodeproj">
         </BuildableReference>
         <BuildableReference
            BuildableIdentifier = "primary"
            BlueprintIdentifier = "6AF8CCA924F3D939006FBFCA"
            BuildableName = "BoxOfficeMovieDetails.framework"
            BlueprintName = "BoxOfficeMovieDetails"
            ReferencedContainer = "container:BoxOfficeMovieDetails/BoxOfficeMovieDetails.xcodeproj">
         </BuildableReference>
      </CodeCoverageTargets>
      <Testables>
         <TestableReference
            skipped = "NO"
            testExecutionOrdering = "random">
            <BuildableReference
               BuildableIdentifier = "primary"
               BlueprintIdentifier = "6AC55BFA24F05BEB003F6056"
               BuildableName = "BoxOfficeNetworkingTests.xctest"
               BlueprintName = "BoxOfficeNetworkingTests"
               ReferencedContainer = "container:BoxOfficeNetworking/BoxOfficeNetworking.xcodeproj">
            </BuildableReference>
         </TestableReference>
         <TestableReference
            skipped = "NO"
            testExecutionOrdering = "random">
            <BuildableReference
               BuildableIdentifier = "primary"
               BlueprintIdentifier = "6A5075AD24F028F800B25D4F"
               BuildableName = "BoxOfficeNowPlayingTests.xctest"
               BlueprintName = "BoxOfficeNowPlayingTests"
               ReferencedContainer = "container:BoxOfficeNowPlaying/BoxOfficeNowPlaying.xcodeproj">
            </BuildableReference>
         </TestableReference>
         <TestableReference
            skipped = "NO"
            testExecutionOrdering = "random">
            <BuildableReference
               BuildableIdentifier = "primary"
               BlueprintIdentifier = "6A4983AA24F18B6400111B62"
               BuildableName = "BoxOfficeMediaTests.xctest"
               BlueprintName = "BoxOfficeMediaTests"
               ReferencedContainer = "container:BoxOfficeMedia/BoxOfficeMedia.xcodeproj">
            </BuildableReference>
         </TestableReference>
         <TestableReference
            skipped = "NO"
            testExecutionOrdering = "random">
            <BuildableReference
               BuildableIdentifier = "primary"
               BlueprintIdentifier = "6AF8CCB224F3D939006FBFCA"
               BuildableName = "BoxOfficeMovieDetailsTests.xctest"
               BlueprintName = "BoxOfficeMovieDetailsTests"
               ReferencedContainer = "container:BoxOfficeMovieDetails/BoxOfficeMovieDetails.xcodeproj">
            </BuildableReference>
         </TestableReference>
         <TestableReference
            skipped = "NO"
            testExecutionOrdering = "random">
            <BuildableReference
               BuildableIdentifier = "primary"
               BlueprintIdentifier = "6A970F5B24F4439E0057AD81"
               BuildableName = "BoxOfficeCommonTests.xctest"
               BlueprintName = "BoxOfficeCommonTests"
               ReferencedContainer = "container:BoxOfficeCommon/BoxOfficeCommon.xcodeproj">
            </BuildableReference>
         </TestableReference>
      </Testables>
   </TestAction>
   <LaunchAction
      buildConfiguration = "Debug"
      selectedDebuggerIdentifier = "Xcode.DebuggerFoundation.Debugger.LLDB"
      selectedLauncherIdentifier = "Xcode.DebuggerFoundation.Launcher.LLDB"
      launchStyle = "0"
      useCustomWorkingDirectory = "NO"
      ignoresPersistentStateOnLaunch = "NO"
      debugDocumentVersioning = "YES"
      debugServiceExtension = "internal"
      allowLocationSimulation = "YES">
   </LaunchAction>
   <ProfileAction
      buildConfiguration = "Release"
      shouldUseLaunchSchemeArgsEnv = "YES"
      savedToolIdentifier = ""
      useCustomWorkingDirectory = "NO"
      debugDocumentVersioning = "YES">
      <MacroExpansion>
         <BuildableReference
            BuildableIdentifier = "primary"
            BlueprintIdentifier = "6AC55BF124F05BEB003F6056"
            BuildableName = "BoxOfficeNetworking.framework"
            BlueprintName = "BoxOfficeNetworking"
            ReferencedContainer = "container:BoxOfficeNetworking/BoxOfficeNetworking.xcodeproj">
         </BuildableReference>
      </MacroExpansion>
   </ProfileAction>
   <AnalyzeAction
      buildConfiguration = "Debug">
   </AnalyzeAction>
   <ArchiveAction
      buildConfiguration = "Release"
      revealArchiveInOrganizer = "YES">
   </ArchiveAction>
</Scheme>
