// !$*UTF8*$!
{
	archiveVersion = 1;
	classes = {
	};
	objectVersion = 50;
	objects = {

/* Begin PBXBuildFile section */
		6A9DC62524F4182700919E9C /* RemoteMovieLoader.swift in Sources */ = {isa = PBXBuildFile; fileRef = 6A9DC62424F4182700919E9C /* RemoteMovieLoader.swift */; };
		6A9DC62724F4186E00919E9C /* MovieMapper.swift in Sources */ = {isa = PBXBuildFile; fileRef = 6A9DC62624F4186E00919E9C /* MovieMapper.swift */; };
		6AF8CCB424F3D939006FBFCA /* BoxOfficeMovieDetails.framework in Frameworks */ = {isa = PBXBuildFile; fileRef = 6AF8CCAA24F3D939006FBFCA /* BoxOfficeMovieDetails.framework */; };
		6AF8CCC524F3DA0B006FBFCA /* Movie.swift in Sources */ = {isa = PBXBuildFile; fileRef = 6AF8CCC424F3DA0B006FBFCA /* Movie.swift */; };
		6AF8CCC824F3DF76006FBFCA /* MovieLoader.swift in Sources */ = {isa = PBXBuildFile; fileRef = 6AF8CCC724F3DF76006FBFCA /* MovieLoader.swift */; };
		6AF8CCCC24F3E0A3006FBFCA /* XCTestCase+Ext.swift in Sources */ = {isa = PBXBuildFile; fileRef = 6AF8CCCB24F3E0A3006FBFCA /* XCTestCase+Ext.swift */; };
		6AF8CCCE24F3E0B8006FBFCA /* HTTPClientSpy.swift in Sources */ = {isa = PBXBuildFile; fileRef = 6AF8CCCD24F3E0B8006FBFCA /* HTTPClientSpy.swift */; };
		6AF8CCD124F3E0CD006FBFCA /* BoxOfficeNetworking.framework in Frameworks */ = {isa = PBXBuildFile; fileRef = 6AF8CCD024F3E0CD006FBFCA /* BoxOfficeNetworking.framework */; };
		6AF8CCD224F3E0CD006FBFCA /* BoxOfficeNetworking.framework in Embed Frameworks */ = {isa = PBXBuildFile; fileRef = 6AF8CCD024F3E0CD006FBFCA /* BoxOfficeNetworking.framework */; settings = {ATTRIBUTES = (CodeSignOnCopy, RemoveHeadersOnCopy, ); }; };
		6AF8CCD624F3E148006FBFCA /* LoadMovieFromRemoteUseCaseTests.swift in Sources */ = {isa = PBXBuildFile; fileRef = 6AF8CCD524F3E148006FBFCA /* LoadMovieFromRemoteUseCaseTests.swift */; };
/* End PBXBuildFile section */

/* Begin PBXContainerItemProxy section */
		6AF8CCB524F3D939006FBFCA /* PBXContainerItemProxy */ = {
			isa = PBXContainerItemProxy;
			containerPortal = 6AF8CCA124F3D939006FBFCA /* Project object */;
			proxyType = 1;
			remoteGlobalIDString = 6AF8CCA924F3D939006FBFCA;
			remoteInfo = BoxOfficeMovieDetails;
		};
/* End PBXContainerItemProxy section */

/* Begin PBXCopyFilesBuildPhase section */
		6AF8CCD324F3E0CD006FBFCA /* Embed Frameworks */ = {
			isa = PBXCopyFilesBuildPhase;
			buildActionMask = 2147483647;
			dstPath = "";
			dstSubfolderSpec = 10;
			files = (
				6AF8CCD224F3E0CD006FBFCA /* BoxOfficeNetworking.framework in Embed Frameworks */,
			);
			name = "Embed Frameworks";
			runOnlyForDeploymentPostprocessing = 0;
		};
/* End PBXCopyFilesBuildPhase section */

/* Begin PBXFileReference section */
		6A9DC62424F4182700919E9C /* RemoteMovieLoader.swift */ = {isa = PBXFileReference; lastKnownFileType = sourcecode.swift; path = RemoteMovieLoader.swift; sourceTree = "<group>"; };
		6A9DC62624F4186E00919E9C /* MovieMapper.swift */ = {isa = PBXFileReference; lastKnownFileType = sourcecode.swift; path = MovieMapper.swift; sourceTree = "<group>"; };
		6AF8CCAA24F3D939006FBFCA /* BoxOfficeMovieDetails.framework */ = {isa = PBXFileReference; explicitFileType = wrapper.framework; includeInIndex = 0; path = BoxOfficeMovieDetails.framework; sourceTree = BUILT_PRODUCTS_DIR; };
		6AF8CCAE24F3D939006FBFCA /* Info.plist */ = {isa = PBXFileReference; lastKnownFileType = text.plist.xml; path = Info.plist; sourceTree = "<group>"; };
		6AF8CCB324F3D939006FBFCA /* BoxOfficeMovieDetailsTests.xctest */ = {isa = PBXFileReference; explicitFileType = wrapper.cfbundle; includeInIndex = 0; path = BoxOfficeMovieDetailsTests.xctest; sourceTree = BUILT_PRODUCTS_DIR; };
		6AF8CCBA24F3D939006FBFCA /* Info.plist */ = {isa = PBXFileReference; lastKnownFileType = text.plist.xml; path = Info.plist; sourceTree = "<group>"; };
		6AF8CCC424F3DA0B006FBFCA /* Movie.swift */ = {isa = PBXFileReference; lastKnownFileType = sourcecode.swift; path = Movie.swift; sourceTree = "<group>"; };
		6AF8CCC724F3DF76006FBFCA /* MovieLoader.swift */ = {isa = PBXFileReference; lastKnownFileType = sourcecode.swift; path = MovieLoader.swift; sourceTree = "<group>"; };
		6AF8CCCB24F3E0A3006FBFCA /* XCTestCase+Ext.swift */ = {isa = PBXFileReference; lastKnownFileType = sourcecode.swift; path = "XCTestCase+Ext.swift"; sourceTree = "<group>"; };
		6AF8CCCD24F3E0B8006FBFCA /* HTTPClientSpy.swift */ = {isa = PBXFileReference; lastKnownFileType = sourcecode.swift; path = HTTPClientSpy.swift; sourceTree = "<group>"; };
		6AF8CCD024F3E0CD006FBFCA /* BoxOfficeNetworking.framework */ = {isa = PBXFileReference; explicitFileType = wrapper.framework; path = BoxOfficeNetworking.framework; sourceTree = BUILT_PRODUCTS_DIR; };
		6AF8CCD524F3E148006FBFCA /* LoadMovieFromRemoteUseCaseTests.swift */ = {isa = PBXFileReference; lastKnownFileType = sourcecode.swift; path = LoadMovieFromRemoteUseCaseTests.swift; sourceTree = "<group>"; };
/* End PBXFileReference section */

/* Begin PBXFrameworksBuildPhase section */
		6AF8CCA724F3D939006FBFCA /* Frameworks */ = {
			isa = PBXFrameworksBuildPhase;
			buildActionMask = 2147483647;
			files = (
				6AF8CCD124F3E0CD006FBFCA /* BoxOfficeNetworking.framework in Frameworks */,
			);
			runOnlyForDeploymentPostprocessing = 0;
		};
		6AF8CCB024F3D939006FBFCA /* Frameworks */ = {
			isa = PBXFrameworksBuildPhase;
			buildActionMask = 2147483647;
			files = (
				6AF8CCB424F3D939006FBFCA /* BoxOfficeMovieDetails.framework in Frameworks */,
			);
			runOnlyForDeploymentPostprocessing = 0;
		};
/* End PBXFrameworksBuildPhase section */

/* Begin PBXGroup section */
		6A9DC62324F4181B00919E9C /* API */ = {
			isa = PBXGroup;
			children = (
				6A9DC62424F4182700919E9C /* RemoteMovieLoader.swift */,
				6A9DC62624F4186E00919E9C /* MovieMapper.swift */,
			);
			path = API;
			sourceTree = "<group>";
		};
		6AF8CCA024F3D939006FBFCA = {
			isa = PBXGroup;
			children = (
				6AF8CCAC24F3D939006FBFCA /* BoxOfficeMovieDetails */,
				6AF8CCB724F3D939006FBFCA /* BoxOfficeMovieDetailsTests */,
				6AF8CCAB24F3D939006FBFCA /* Products */,
				6AF8CCCF24F3E0CD006FBFCA /* Frameworks */,
			);
			sourceTree = "<group>";
		};
		6AF8CCAB24F3D939006FBFCA /* Products */ = {
			isa = PBXGroup;
			children = (
				6AF8CCAA24F3D939006FBFCA /* BoxOfficeMovieDetails.framework */,
				6AF8CCB324F3D939006FBFCA /* BoxOfficeMovieDetailsTests.xctest */,
			);
			name = Products;
			sourceTree = "<group>";
		};
		6AF8CCAC24F3D939006FBFCA /* BoxOfficeMovieDetails */ = {
			isa = PBXGroup;
			children = (
				6AF8CCAE24F3D939006FBFCA /* Info.plist */,
				6A9DC62324F4181B00919E9C /* API */,
				6AF8CCC624F3DA11006FBFCA /* Feature */,
			);
			path = BoxOfficeMovieDetails;
			sourceTree = "<group>";
		};
		6AF8CCB724F3D939006FBFCA /* BoxOfficeMovieDetailsTests */ = {
			isa = PBXGroup;
			children = (
				6AF8CCBA24F3D939006FBFCA /* Info.plist */,
				6AF8CCCD24F3E0B8006FBFCA /* HTTPClientSpy.swift */,
				6AF8CCCB24F3E0A3006FBFCA /* XCTestCase+Ext.swift */,
				6AF8CCD424F3E12F006FBFCA /* API */,
			);
			path = BoxOfficeMovieDetailsTests;
			sourceTree = "<group>";
		};
		6AF8CCC624F3DA11006FBFCA /* Feature */ = {
			isa = PBXGroup;
			children = (
				6AF8CCC424F3DA0B006FBFCA /* Movie.swift */,
				6AF8CCC724F3DF76006FBFCA /* MovieLoader.swift */,
			);
			path = Feature;
			sourceTree = "<group>";
		};
		6AF8CCCF24F3E0CD006FBFCA /* Frameworks */ = {
			isa = PBXGroup;
			children = (
				6AF8CCD024F3E0CD006FBFCA /* BoxOfficeNetworking.framework */,
			);
			name = Frameworks;
			sourceTree = "<group>";
		};
		6AF8CCD424F3E12F006FBFCA /* API */ = {
			isa = PBXGroup;
			children = (
				6AF8CCD524F3E148006FBFCA /* LoadMovieFromRemoteUseCaseTests.swift */,
			);
			path = API;
			sourceTree = "<group>";
		};
/* End PBXGroup section */

/* Begin PBXHeadersBuildPhase section */
		6AF8CCA524F3D939006FBFCA /* Headers */ = {
			isa = PBXHeadersBuildPhase;
			buildActionMask = 2147483647;
			files = (
			);
			runOnlyForDeploymentPostprocessing = 0;
		};
/* End PBXHeadersBuildPhase section */

/* Begin PBXNativeTarget section */
		6AF8CCA924F3D939006FBFCA /* BoxOfficeMovieDetails */ = {
			isa = PBXNativeTarget;
			buildConfigurationList = 6AF8CCBE24F3D939006FBFCA /* Build configuration list for PBXNativeTarget "BoxOfficeMovieDetails" */;
			buildPhases = (
				6AF8CCA524F3D939006FBFCA /* Headers */,
				6AF8CCA624F3D939006FBFCA /* Sources */,
				6AF8CCA724F3D939006FBFCA /* Frameworks */,
				6AF8CCA824F3D939006FBFCA /* Resources */,
				6AF8CCD324F3E0CD006FBFCA /* Embed Frameworks */,
			);
			buildRules = (
			);
			dependencies = (
			);
			name = BoxOfficeMovieDetails;
			productName = BoxOfficeMovieDetails;
			productReference = 6AF8CCAA24F3D939006FBFCA /* BoxOfficeMovieDetails.framework */;
			productType = "com.apple.product-type.framework";
		};
		6AF8CCB224F3D939006FBFCA /* BoxOfficeMovieDetailsTests */ = {
			isa = PBXNativeTarget;
			buildConfigurationList = 6AF8CCC124F3D939006FBFCA /* Build configuration list for PBXNativeTarget "BoxOfficeMovieDetailsTests" */;
			buildPhases = (
				6AF8CCAF24F3D939006FBFCA /* Sources */,
				6AF8CCB024F3D939006FBFCA /* Frameworks */,
				6AF8CCB124F3D939006FBFCA /* Resources */,
			);
			buildRules = (
			);
			dependencies = (
				6AF8CCB624F3D939006FBFCA /* PBXTargetDependency */,
			);
			name = BoxOfficeMovieDetailsTests;
			productName = BoxOfficeMovieDetailsTests;
			productReference = 6AF8CCB324F3D939006FBFCA /* BoxOfficeMovieDetailsTests.xctest */;
			productType = "com.apple.product-type.bundle.unit-test";
		};
/* End PBXNativeTarget section */

/* Begin PBXProject section */
		6AF8CCA124F3D939006FBFCA /* Project object */ = {
			isa = PBXProject;
			attributes = {
				LastSwiftUpdateCheck = 1160;
				LastUpgradeCheck = 1160;
				ORGANIZATIONNAME = "Gordon Smith";
				TargetAttributes = {
					6AF8CCA924F3D939006FBFCA = {
						CreatedOnToolsVersion = 11.6;
						LastSwiftMigration = 1160;
					};
					6AF8CCB224F3D939006FBFCA = {
						CreatedOnToolsVersion = 11.6;
						LastSwiftMigration = 1160;
					};
				};
			};
			buildConfigurationList = 6AF8CCA424F3D939006FBFCA /* Build configuration list for PBXProject "BoxOfficeMovieDetails" */;
			compatibilityVersion = "Xcode 9.3";
			developmentRegion = en;
			hasScannedForEncodings = 0;
			knownRegions = (
				en,
				Base,
			);
			mainGroup = 6AF8CCA024F3D939006FBFCA;
			productRefGroup = 6AF8CCAB24F3D939006FBFCA /* Products */;
			projectDirPath = "";
			projectRoot = "";
			targets = (
				6AF8CCA924F3D939006FBFCA /* BoxOfficeMovieDetails */,
				6AF8CCB224F3D939006FBFCA /* BoxOfficeMovieDetailsTests */,
			);
		};
/* End PBXProject section */

/* Begin PBXResourcesBuildPhase section */
		6AF8CCA824F3D939006FBFCA /* Resources */ = {
			isa = PBXResourcesBuildPhase;
			buildActionMask = 2147483647;
			files = (
			);
			runOnlyForDeploymentPostprocessing = 0;
		};
		6AF8CCB124F3D939006FBFCA /* Resources */ = {
			isa = PBXResourcesBuildPhase;
			buildActionMask = 2147483647;
			files = (
			);
			runOnlyForDeploymentPostprocessing = 0;
		};
/* End PBXResourcesBuildPhase section */

/* Begin PBXSourcesBuildPhase section */
		6AF8CCA624F3D939006FBFCA /* Sources */ = {
			isa = PBXSourcesBuildPhase;
			buildActionMask = 2147483647;
			files = (
				6A9DC62524F4182700919E9C /* RemoteMovieLoader.swift in Sources */,
				6A9DC62724F4186E00919E9C /* MovieMapper.swift in Sources */,
				6AF8CCC524F3DA0B006FBFCA /* Movie.swift in Sources */,
				6AF8CCC824F3DF76006FBFCA /* MovieLoader.swift in Sources */,
			);
			runOnlyForDeploymentPostprocessing = 0;
		};
		6AF8CCAF24F3D939006FBFCA /* Sources */ = {
			isa = PBXSourcesBuildPhase;
			buildActionMask = 2147483647;
			files = (
				6AF8CCCC24F3E0A3006FBFCA /* XCTestCase+Ext.swift in Sources */,
				6AF8CCD624F3E148006FBFCA /* LoadMovieFromRemoteUseCaseTests.swift in Sources */,
				6AF8CCCE24F3E0B8006FBFCA /* HTTPClientSpy.swift in Sources */,
			);
			runOnlyForDeploymentPostprocessing = 0;
		};
/* End PBXSourcesBuildPhase section */

/* Begin PBXTargetDependency section */
		6AF8CCB624F3D939006FBFCA /* PBXTargetDependency */ = {
			isa = PBXTargetDependency;
			target = 6AF8CCA924F3D939006FBFCA /* BoxOfficeMovieDetails */;
			targetProxy = 6AF8CCB524F3D939006FBFCA /* PBXContainerItemProxy */;
		};
/* End PBXTargetDependency section */

/* Begin XCBuildConfiguration section */
		6AF8CCBC24F3D939006FBFCA /* Debug */ = {
			isa = XCBuildConfiguration;
			buildSettings = {
				ALWAYS_SEARCH_USER_PATHS = NO;
				CLANG_ANALYZER_NONNULL = YES;
				CLANG_ANALYZER_NUMBER_OBJECT_CONVERSION = YES_AGGRESSIVE;
				CLANG_CXX_LANGUAGE_STANDARD = "gnu++14";
				CLANG_CXX_LIBRARY = "libc++";
				CLANG_ENABLE_MODULES = YES;
				CLANG_ENABLE_OBJC_ARC = YES;
				CLANG_ENABLE_OBJC_WEAK = YES;
				CLANG_WARN_BLOCK_CAPTURE_AUTORELEASING = YES;
				CLANG_WARN_BOOL_CONVERSION = YES;
				CLANG_WARN_COMMA = YES;
				CLANG_WARN_CONSTANT_CONVERSION = YES;
				CLANG_WARN_DEPRECATED_OBJC_IMPLEMENTATIONS = YES;
				CLANG_WARN_DIRECT_OBJC_ISA_USAGE = YES_ERROR;
				CLANG_WARN_DOCUMENTATION_COMMENTS = YES;
				CLANG_WARN_EMPTY_BODY = YES;
				CLANG_WARN_ENUM_CONVERSION = YES;
				CLANG_WARN_INFINITE_RECURSION = YES;
				CLANG_WARN_INT_CONVERSION = YES;
				CLANG_WARN_NON_LITERAL_NULL_CONVERSION = YES;
				CLANG_WARN_OBJC_IMPLICIT_RETAIN_SELF = YES;
				CLANG_WARN_OBJC_LITERAL_CONVERSION = YES;
				CLANG_WARN_OBJC_ROOT_CLASS = YES_ERROR;
				CLANG_WARN_RANGE_LOOP_ANALYSIS = YES;
				CLANG_WARN_STRICT_PROTOTYPES = YES;
				CLANG_WARN_SUSPICIOUS_MOVE = YES;
				CLANG_WARN_UNGUARDED_AVAILABILITY = YES_AGGRESSIVE;
				CLANG_WARN_UNREACHABLE_CODE = YES;
				CLANG_WARN__DUPLICATE_METHOD_MATCH = YES;
				COPY_PHASE_STRIP = NO;
				CURRENT_PROJECT_VERSION = 1;
				DEBUG_INFORMATION_FORMAT = dwarf;
				ENABLE_STRICT_OBJC_MSGSEND = YES;
				ENABLE_TESTABILITY = YES;
				GCC_C_LANGUAGE_STANDARD = gnu11;
				GCC_DYNAMIC_NO_PIC = NO;
				GCC_NO_COMMON_BLOCKS = YES;
				GCC_OPTIMIZATION_LEVEL = 0;
				GCC_PREPROCESSOR_DEFINITIONS = (
					"DEBUG=1",
					"$(inherited)",
				);
				GCC_WARN_64_TO_32_BIT_CONVERSION = YES;
				GCC_WARN_ABOUT_RETURN_TYPE = YES_ERROR;
				GCC_WARN_UNDECLARED_SELECTOR = YES;
				GCC_WARN_UNINITIALIZED_AUTOS = YES_AGGRESSIVE;
				GCC_WARN_UNUSED_FUNCTION = YES;
				GCC_WARN_UNUSED_VARIABLE = YES;
				IPHONEOS_DEPLOYMENT_TARGET = 13.0;
				MACOSX_DEPLOYMENT_TARGET = 10.15;
				MTL_ENABLE_DEBUG_INFO = INCLUDE_SOURCE;
				MTL_FAST_MATH = YES;
				ONLY_ACTIVE_ARCH = YES;
				SDKROOT = macosx;
				SUPPORTED_PLATFORMS = "macosx iphonesimulator iphoneos";
				SWIFT_ACTIVE_COMPILATION_CONDITIONS = DEBUG;
				SWIFT_OPTIMIZATION_LEVEL = "-Onone";
				VERSIONING_SYSTEM = "apple-generic";
				VERSION_INFO_PREFIX = "";
			};
			name = Debug;
		};
		6AF8CCBD24F3D939006FBFCA /* Release */ = {
			isa = XCBuildConfiguration;
			buildSettings = {
				ALWAYS_SEARCH_USER_PATHS = NO;
				CLANG_ANALYZER_NONNULL = YES;
				CLANG_ANALYZER_NUMBER_OBJECT_CONVERSION = YES_AGGRESSIVE;
				CLANG_CXX_LANGUAGE_STANDARD = "gnu++14";
				CLANG_CXX_LIBRARY = "libc++";
				CLANG_ENABLE_MODULES = YES;
				CLANG_ENABLE_OBJC_ARC = YES;
				CLANG_ENABLE_OBJC_WEAK = YES;
				CLANG_WARN_BLOCK_CAPTURE_AUTORELEASING = YES;
				CLANG_WARN_BOOL_CONVERSION = YES;
				CLANG_WARN_COMMA = YES;
				CLANG_WARN_CONSTANT_CONVERSION = YES;
				CLANG_WARN_DEPRECATED_OBJC_IMPLEMENTATIONS = YES;
				CLANG_WARN_DIRECT_OBJC_ISA_USAGE = YES_ERROR;
				CLANG_WARN_DOCUMENTATION_COMMENTS = YES;
				CLANG_WARN_EMPTY_BODY = YES;
				CLANG_WARN_ENUM_CONVERSION = YES;
				CLANG_WARN_INFINITE_RECURSION = YES;
				CLANG_WARN_INT_CONVERSION = YES;
				CLANG_WARN_NON_LITERAL_NULL_CONVERSION = YES;
				CLANG_WARN_OBJC_IMPLICIT_RETAIN_SELF = YES;
				CLANG_WARN_OBJC_LITERAL_CONVERSION = YES;
				CLANG_WARN_OBJC_ROOT_CLASS = YES_ERROR;
				CLANG_WARN_RANGE_LOOP_ANALYSIS = YES;
				CLANG_WARN_STRICT_PROTOTYPES = YES;
				CLANG_WARN_SUSPICIOUS_MOVE = YES;
				CLANG_WARN_UNGUARDED_AVAILABILITY = YES_AGGRESSIVE;
				CLANG_WARN_UNREACHABLE_CODE = YES;
				CLANG_WARN__DUPLICATE_METHOD_MATCH = YES;
				COPY_PHASE_STRIP = NO;
				CURRENT_PROJECT_VERSION = 1;
				DEBUG_INFORMATION_FORMAT = "dwarf-with-dsym";
				ENABLE_NS_ASSERTIONS = NO;
				ENABLE_STRICT_OBJC_MSGSEND = YES;
				GCC_C_LANGUAGE_STANDARD = gnu11;
				GCC_NO_COMMON_BLOCKS = YES;
				GCC_WARN_64_TO_32_BIT_CONVERSION = YES;
				GCC_WARN_ABOUT_RETURN_TYPE = YES_ERROR;
				GCC_WARN_UNDECLARED_SELECTOR = YES;
				GCC_WARN_UNINITIALIZED_AUTOS = YES_AGGRESSIVE;
				GCC_WARN_UNUSED_FUNCTION = YES;
				GCC_WARN_UNUSED_VARIABLE = YES;
				IPHONEOS_DEPLOYMENT_TARGET = 13.0;
				MACOSX_DEPLOYMENT_TARGET = 10.15;
				MTL_ENABLE_DEBUG_INFO = NO;
				MTL_FAST_MATH = YES;
				SDKROOT = macosx;
				SUPPORTED_PLATFORMS = "macosx iphonesimulator iphoneos";
				SWIFT_COMPILATION_MODE = wholemodule;
				SWIFT_OPTIMIZATION_LEVEL = "-O";
				VERSIONING_SYSTEM = "apple-generic";
				VERSION_INFO_PREFIX = "";
			};
			name = Release;
		};
		6AF8CCBF24F3D939006FBFCA /* Debug */ = {
			isa = XCBuildConfiguration;
			buildSettings = {
				CLANG_ENABLE_MODULES = YES;
				CODE_SIGN_STYLE = Automatic;
				COMBINE_HIDPI_IMAGES = YES;
				DEFINES_MODULE = YES;
				DEVELOPMENT_TEAM = CBUNS24C9F;
				DYLIB_COMPATIBILITY_VERSION = 1;
				DYLIB_CURRENT_VERSION = 1;
				DYLIB_INSTALL_NAME_BASE = "@rpath";
				INFOPLIST_FILE = BoxOfficeMovieDetails/Info.plist;
				INSTALL_PATH = "$(LOCAL_LIBRARY_DIR)/Frameworks";
				IPHONEOS_DEPLOYMENT_TARGET = 13.0;
				LD_RUNPATH_SEARCH_PATHS = (
					"$(inherited)",
					"@executable_path/../Frameworks",
					"@loader_path/Frameworks",
				);
				PRODUCT_BUNDLE_IDENTIFIER = "io.nodediggity.box-office.movie-details";
				PRODUCT_NAME = "$(TARGET_NAME:c99extidentifier)";
				SKIP_INSTALL = YES;
				SWIFT_OPTIMIZATION_LEVEL = "-Onone";
				SWIFT_VERSION = 5.0;
			};
			name = Debug;
		};
		6AF8CCC024F3D939006FBFCA /* Release */ = {
			isa = XCBuildConfiguration;
			buildSettings = {
				CLANG_ENABLE_MODULES = YES;
				CODE_SIGN_STYLE = Automatic;
				COMBINE_HIDPI_IMAGES = YES;
				DEFINES_MODULE = YES;
				DEVELOPMENT_TEAM = CBUNS24C9F;
				DYLIB_COMPATIBILITY_VERSION = 1;
				DYLIB_CURRENT_VERSION = 1;
				DYLIB_INSTALL_NAME_BASE = "@rpath";
				INFOPLIST_FILE = BoxOfficeMovieDetails/Info.plist;
				INSTALL_PATH = "$(LOCAL_LIBRARY_DIR)/Frameworks";
				IPHONEOS_DEPLOYMENT_TARGET = 13.0;
				LD_RUNPATH_SEARCH_PATHS = (
					"$(inherited)",
					"@executable_path/../Frameworks",
					"@loader_path/Frameworks",
				);
				PRODUCT_BUNDLE_IDENTIFIER = "io.nodediggity.box-office.movie-details";
				PRODUCT_NAME = "$(TARGET_NAME:c99extidentifier)";
				SKIP_INSTALL = YES;
				SWIFT_VERSION = 5.0;
			};
			name = Release;
		};
		6AF8CCC224F3D939006FBFCA /* Debug */ = {
			isa = XCBuildConfiguration;
			buildSettings = {
				ALWAYS_EMBED_SWIFT_STANDARD_LIBRARIES = YES;
				CLANG_ENABLE_MODULES = YES;
				CODE_SIGN_STYLE = Automatic;
				COMBINE_HIDPI_IMAGES = YES;
				DEVELOPMENT_TEAM = CBUNS24C9F;
				INFOPLIST_FILE = BoxOfficeMovieDetailsTests/Info.plist;
				IPHONEOS_DEPLOYMENT_TARGET = 13.0;
				LD_RUNPATH_SEARCH_PATHS = (
					"$(inherited)",
					"@executable_path/../Frameworks",
					"@loader_path/../Frameworks",
				);
				PRODUCT_BUNDLE_IDENTIFIER = io.nodediggity.BoxOfficeMovieDetailsTests;
				PRODUCT_NAME = "$(TARGET_NAME)";
				SWIFT_OPTIMIZATION_LEVEL = "-Onone";
				SWIFT_VERSION = 5.0;
			};
			name = Debug;
		};
		6AF8CCC324F3D939006FBFCA /* Release */ = {
			isa = XCBuildConfiguration;
			buildSettings = {
				ALWAYS_EMBED_SWIFT_STANDARD_LIBRARIES = YES;
				CLANG_ENABLE_MODULES = YES;
				CODE_SIGN_STYLE = Automatic;
				COMBINE_HIDPI_IMAGES = YES;
				DEVELOPMENT_TEAM = CBUNS24C9F;
				INFOPLIST_FILE = BoxOfficeMovieDetailsTests/Info.plist;
				IPHONEOS_DEPLOYMENT_TARGET = 13.0;
				LD_RUNPATH_SEARCH_PATHS = (
					"$(inherited)",
					"@executable_path/../Frameworks",
					"@loader_path/../Frameworks",
				);
				PRODUCT_BUNDLE_IDENTIFIER = io.nodediggity.BoxOfficeMovieDetailsTests;
				PRODUCT_NAME = "$(TARGET_NAME)";
				SWIFT_VERSION = 5.0;
			};
			name = Release;
		};
/* End XCBuildConfiguration section */

/* Begin XCConfigurationList section */
		6AF8CCA424F3D939006FBFCA /* Build configuration list for PBXProject "BoxOfficeMovieDetails" */ = {
			isa = XCConfigurationList;
			buildConfigurations = (
				6AF8CCBC24F3D939006FBFCA /* Debug */,
				6AF8CCBD24F3D939006FBFCA /* Release */,
			);
			defaultConfigurationIsVisible = 0;
			defaultConfigurationName = Release;
		};
		6AF8CCBE24F3D939006FBFCA /* Build configuration list for PBXNativeTarget "BoxOfficeMovieDetails" */ = {
			isa = XCConfigurationList;
			buildConfigurations = (
				6AF8CCBF24F3D939006FBFCA /* Debug */,
				6AF8CCC024F3D939006FBFCA /* Release */,
			);
			defaultConfigurationIsVisible = 0;
			defaultConfigurationName = Release;
		};
		6AF8CCC124F3D939006FBFCA /* Build configuration list for PBXNativeTarget "BoxOfficeMovieDetailsTests" */ = {
			isa = XCConfigurationList;
			buildConfigurations = (
				6AF8CCC224F3D939006FBFCA /* Debug */,
				6AF8CCC324F3D939006FBFCA /* Release */,
			);
			defaultConfigurationIsVisible = 0;
			defaultConfigurationName = Release;
		};
/* End XCConfigurationList section */
	};
	rootObject = 6AF8CCA124F3D939006FBFCA /* Project object */;
}
